
Microsoft Visual Studio Solution File, Format Version 12.00
# Visual Studio Version 17
VisualStudioVersion = 17.11.35327.3
MinimumVisualStudioVersion = 10.0.40219.1
Project("{FAE04EC0-301F-11D3-BF4B-00C04F79EFBC}") = "Laboratorio15.3", "Laboratorio15.3\Laboratorio15.3.csproj", "{F0D56946-120D-4FF1-907B-C95DA71ED557}"
EndProject
Global
	GlobalSection(SolutionConfigurationPlatforms) = preSolution
		Debug|Any CPU = Debug|Any CPU
		Release|Any CPU = Release|Any CPU
	EndGlobalSection
	GlobalSection(ProjectConfigurationPlatforms) = postSolution
		{F0D56946-120D-4FF1-907B-C95DA71ED557}.Debug|Any CPU.ActiveCfg = Debug|Any CPU
		{F0D56946-120D-4FF1-907B-C95DA71ED557}.Debug|Any CPU.Build.0 = Debug|Any CPU
		{F0D56946-120D-4FF1-907B-C95DA71ED557}.Release|Any CPU.ActiveCfg = Release|Any CPU
		{F0D56946-120D-4FF1-907B-C95DA71ED557}.Release|Any CPU.Build.0 = Release|Any CPU
	EndGlobalSection
	GlobalSection(SolutionProperties) = preSolution
		HideSolutionNode = FALSE
	EndGlobalSection
	GlobalSection(ExtensibilityGlobals) = postSolution
		SolutionGuid = {22879470-5819-49C7-B8E5-8F9B40EB4010}
	EndGlobalSection
EndGlobal
