
Microsoft Visual Studio Solution File, Format Version 12.00
# Visual Studio Version 17
VisualStudioVersion = 17.11.35208.52
MinimumVisualStudioVersion = 10.0.40219.1
Project("{FAE04EC0-301F-11D3-BF4B-00C04F79EFBC}") = "Laboratorio10", "Laboratorio10\Laboratorio10.csproj", "{46F04325-D4BD-46D2-B68E-C6F96A35281A}"
EndProject
Global
	GlobalSection(SolutionConfigurationPlatforms) = preSolution
		Debug|Any CPU = Debug|Any CPU
		Release|Any CPU = Release|Any CPU
	EndGlobalSection
	GlobalSection(ProjectConfigurationPlatforms) = postSolution
		{46F04325-D4BD-46D2-B68E-C6F96A35281A}.Debug|Any CPU.ActiveCfg = Debug|Any CPU
		{46F04325-D4BD-46D2-B68E-C6F96A35281A}.Debug|Any CPU.Build.0 = Debug|Any CPU
		{46F04325-D4BD-46D2-B68E-C6F96A35281A}.Release|Any CPU.ActiveCfg = Release|Any CPU
		{46F04325-D4BD-46D2-B68E-C6F96A35281A}.Release|Any CPU.Build.0 = Release|Any CPU
	EndGlobalSection
	GlobalSection(SolutionProperties) = preSolution
		HideSolutionNode = FALSE
	EndGlobalSection
	GlobalSection(ExtensibilityGlobals) = postSolution
		SolutionGuid = {1D12D3A1-EF52-48AE-A74E-50F29B846F14}
	EndGlobalSection
EndGlobal
